
Microsoft Visual Studio Solution File, Format Version 12.00
# Visual Studio Version 17
VisualStudioVersion = 17.6.33723.286
MinimumVisualStudioVersion = 10.0.40219.1
Project("{9A19103F-16F7-4668-BE54-9A1E7A4F7556}") = "introduccion a c#", "introduccion a c#\introduccion a c#.csproj", "{27EA7E9F-A007-45CF-9198-D33C7F799B71}"
EndProject
Project("{FAE04EC0-301F-11D3-BF4B-00C04F79EFBC}") = "SeleniumLearning", "SeleniumLearning\SeleniumLearning.csproj", "{B7966298-2E7F-444F-A860-1BBCD5C5E8F5}"
EndProject
Global
	GlobalSection(SolutionConfigurationPlatforms) = preSolution
		Debug|Any CPU = Debug|Any CPU
		Release|Any CPU = Release|Any CPU
	EndGlobalSection
	GlobalSection(ProjectConfigurationPlatforms) = postSolution
		{27EA7E9F-A007-45CF-9198-D33C7F799B71}.Debug|Any CPU.ActiveCfg = Debug|Any CPU
		{27EA7E9F-A007-45CF-9198-D33C7F799B71}.Debug|Any CPU.Build.0 = Debug|Any CPU
		{27EA7E9F-A007-45CF-9198-D33C7F799B71}.Release|Any CPU.ActiveCfg = Release|Any CPU
		{27EA7E9F-A007-45CF-9198-D33C7F799B71}.Release|Any CPU.Build.0 = Release|Any CPU
		{B7966298-2E7F-444F-A860-1BBCD5C5E8F5}.Debug|Any CPU.ActiveCfg = Debug|Any CPU
		{B7966298-2E7F-444F-A860-1BBCD5C5E8F5}.Debug|Any CPU.Build.0 = Debug|Any CPU
		{B7966298-2E7F-444F-A860-1BBCD5C5E8F5}.Release|Any CPU.ActiveCfg = Release|Any CPU
		{B7966298-2E7F-444F-A860-1BBCD5C5E8F5}.Release|Any CPU.Build.0 = Release|Any CPU
	EndGlobalSection
	GlobalSection(SolutionProperties) = preSolution
		HideSolutionNode = FALSE
	EndGlobalSection
	GlobalSection(ExtensibilityGlobals) = postSolution
		SolutionGuid = {A85088B7-7235-48F2-96BD-812028998207}
	EndGlobalSection
EndGlobal
